
Microsoft Visual Studio Solution File, Format Version 12.00
# Visual Studio Version 16
VisualStudioVersion = 16.0.31605.320
MinimumVisualStudioVersion = 10.0.40219.1
Project("{FAE04EC0-301F-11D3-BF4B-00C04F79EFBC}") = "MISA.AMIS.API", "MISA.TRAINING.AMIS\MISA.AMIS.API.csproj", "{F4E3FF23-17C8-44AB-A852-BDD0FB8453A6}"
EndProject
Project("{FAE04EC0-301F-11D3-BF4B-00C04F79EFBC}") = "MISA.ApplicationCore", "MISA.ApplicationCore\MISA.ApplicationCore.csproj", "{30DBF375-3C42-4F6C-9A4F-572C64EEBE6E}"
EndProject
Project("{FAE04EC0-301F-11D3-BF4B-00C04F79EFBC}") = "MISA.Infrastructure", "MISA.Infrastructure\MISA.Infrastructure.csproj", "{6EB9767E-D2E4-463C-B3D6-30C80F1F6F01}"
EndProject
Global
	GlobalSection(SolutionConfigurationPlatforms) = preSolution
		Debug|Any CPU = Debug|Any CPU
		Release|Any CPU = Release|Any CPU
	EndGlobalSection
	GlobalSection(ProjectConfigurationPlatforms) = postSolution
		{F4E3FF23-17C8-44AB-A852-BDD0FB8453A6}.Debug|Any CPU.ActiveCfg = Debug|Any CPU
		{F4E3FF23-17C8-44AB-A852-BDD0FB8453A6}.Debug|Any CPU.Build.0 = Debug|Any CPU
		{F4E3FF23-17C8-44AB-A852-BDD0FB8453A6}.Release|Any CPU.ActiveCfg = Release|Any CPU
		{F4E3FF23-17C8-44AB-A852-BDD0FB8453A6}.Release|Any CPU.Build.0 = Release|Any CPU
		{30DBF375-3C42-4F6C-9A4F-572C64EEBE6E}.Debug|Any CPU.ActiveCfg = Debug|Any CPU
		{30DBF375-3C42-4F6C-9A4F-572C64EEBE6E}.Debug|Any CPU.Build.0 = Debug|Any CPU
		{30DBF375-3C42-4F6C-9A4F-572C64EEBE6E}.Release|Any CPU.ActiveCfg = Release|Any CPU
		{30DBF375-3C42-4F6C-9A4F-572C64EEBE6E}.Release|Any CPU.Build.0 = Release|Any CPU
		{6EB9767E-D2E4-463C-B3D6-30C80F1F6F01}.Debug|Any CPU.ActiveCfg = Debug|Any CPU
		{6EB9767E-D2E4-463C-B3D6-30C80F1F6F01}.Debug|Any CPU.Build.0 = Debug|Any CPU
		{6EB9767E-D2E4-463C-B3D6-30C80F1F6F01}.Release|Any CPU.ActiveCfg = Release|Any CPU
		{6EB9767E-D2E4-463C-B3D6-30C80F1F6F01}.Release|Any CPU.Build.0 = Release|Any CPU
	EndGlobalSection
	GlobalSection(SolutionProperties) = preSolution
		HideSolutionNode = FALSE
	EndGlobalSection
	GlobalSection(ExtensibilityGlobals) = postSolution
		SolutionGuid = {9DC19BE3-9FE3-4E45-AABC-EC525EC9BCD5}
	EndGlobalSection
EndGlobal
